// !$*UTF8*$!
{
	archiveVersion = 1;
	classes = {
	};
	objectVersion = 56;
	objects = {

/* Begin PBXBuildFile section */
		CEC10C462B7BBCAA00E6015E /* User.swift in Sources */ = {isa = PBXBuildFile; fileRef = CEC10C452B7BBCAA00E6015E /* User.swift */; };
		CEC10C482B7BC0F100E6015E /* InfoViewController.swift in Sources */ = {isa = PBXBuildFile; fileRef = CEC10C472B7BC0F100E6015E /* InfoViewController.swift */; };
		CEC10C4A2B7BC13600E6015E /* AboutMeViewController.swift in Sources */ = {isa = PBXBuildFile; fileRef = CEC10C492B7BC13600E6015E /* AboutMeViewController.swift */; };
		CED89E4F2B78DA4C00B93BFF /* AppDelegate.swift in Sources */ = {isa = PBXBuildFile; fileRef = CED89E4E2B78DA4C00B93BFF /* AppDelegate.swift */; };
		CED89E512B78DA4C00B93BFF /* SceneDelegate.swift in Sources */ = {isa = PBXBuildFile; fileRef = CED89E502B78DA4C00B93BFF /* SceneDelegate.swift */; };
		CED89E532B78DA4C00B93BFF /* LoginViewController.swift in Sources */ = {isa = PBXBuildFile; fileRef = CED89E522B78DA4C00B93BFF /* LoginViewController.swift */; };
		CED89E562B78DA4C00B93BFF /* Main.storyboard in Resources */ = {isa = PBXBuildFile; fileRef = CED89E542B78DA4C00B93BFF /* Main.storyboard */; };
		CED89E582B78DA4F00B93BFF /* Assets.xcassets in Resources */ = {isa = PBXBuildFile; fileRef = CED89E572B78DA4F00B93BFF /* Assets.xcassets */; };
		CED89E5B2B78DA4F00B93BFF /* LaunchScreen.storyboard in Resources */ = {isa = PBXBuildFile; fileRef = CED89E592B78DA4F00B93BFF /* LaunchScreen.storyboard */; };
		CED89E632B78EA2200B93BFF /* WelcomeViewController.swift in Sources */ = {isa = PBXBuildFile; fileRef = CED89E622B78EA2200B93BFF /* WelcomeViewController.swift */; };
/* End PBXBuildFile section */

/* Begin PBXFileReference section */
		CEC10C452B7BBCAA00E6015E /* User.swift */ = {isa = PBXFileReference; lastKnownFileType = sourcecode.swift; path = User.swift; sourceTree = "<group>"; };
		CEC10C472B7BC0F100E6015E /* InfoViewController.swift */ = {isa = PBXFileReference; lastKnownFileType = sourcecode.swift; path = InfoViewController.swift; sourceTree = "<group>"; };
		CEC10C492B7BC13600E6015E /* AboutMeViewController.swift */ = {isa = PBXFileReference; lastKnownFileType = sourcecode.swift; path = AboutMeViewController.swift; sourceTree = "<group>"; };
		CED89E4B2B78DA4C00B93BFF /* LoginAPP.app */ = {isa = PBXFileReference; explicitFileType = wrapper.application; includeInIndex = 0; path = LoginAPP.app; sourceTree = BUILT_PRODUCTS_DIR; };
		CED89E4E2B78DA4C00B93BFF /* AppDelegate.swift */ = {isa = PBXFileReference; lastKnownFileType = sourcecode.swift; path = AppDelegate.swift; sourceTree = "<group>"; };
		CED89E502B78DA4C00B93BFF /* SceneDelegate.swift */ = {isa = PBXFileReference; lastKnownFileType = sourcecode.swift; path = SceneDelegate.swift; sourceTree = "<group>"; };
		CED89E522B78DA4C00B93BFF /* LoginViewController.swift */ = {isa = PBXFileReference; lastKnownFileType = sourcecode.swift; path = LoginViewController.swift; sourceTree = "<group>"; };
		CED89E552B78DA4C00B93BFF /* Base */ = {isa = PBXFileReference; lastKnownFileType = file.storyboard; name = Base; path = Base.lproj/Main.storyboard; sourceTree = "<group>"; };
		CED89E572B78DA4F00B93BFF /* Assets.xcassets */ = {isa = PBXFileReference; lastKnownFileType = folder.assetcatalog; path = Assets.xcassets; sourceTree = "<group>"; };
		CED89E5A2B78DA4F00B93BFF /* Base */ = {isa = PBXFileReference; lastKnownFileType = file.storyboard; name = Base; path = Base.lproj/LaunchScreen.storyboard; sourceTree = "<group>"; };
		CED89E5C2B78DA4F00B93BFF /* Info.plist */ = {isa = PBXFileReference; lastKnownFileType = text.plist.xml; path = Info.plist; sourceTree = "<group>"; };
		CED89E622B78EA2200B93BFF /* WelcomeViewController.swift */ = {isa = PBXFileReference; lastKnownFileType = sourcecode.swift; path = WelcomeViewController.swift; sourceTree = "<group>"; };
/* End PBXFileReference section */

/* Begin PBXFrameworksBuildPhase section */
		CED89E482B78DA4C00B93BFF /* Frameworks */ = {
			isa = PBXFrameworksBuildPhase;
			buildActionMask = 2147483647;
			files = (
			);
			runOnlyForDeploymentPostprocessing = 0;
		};
/* End PBXFrameworksBuildPhase section */

/* Begin PBXGroup section */
		CEC10C412B7BBA0900E6015E /* App */ = {
			isa = PBXGroup;
			children = (
				CED89E4E2B78DA4C00B93BFF /* AppDelegate.swift */,
				CED89E502B78DA4C00B93BFF /* SceneDelegate.swift */,
				CED89E5C2B78DA4F00B93BFF /* Info.plist */,
			);
			path = App;
			sourceTree = "<group>";
		};
		CEC10C422B7BBA4C00E6015E /* Storyboards */ = {
			isa = PBXGroup;
			children = (
				CED89E542B78DA4C00B93BFF /* Main.storyboard */,
				CED89E592B78DA4F00B93BFF /* LaunchScreen.storyboard */,
			);
			path = Storyboards;
			sourceTree = "<group>";
		};
		CEC10C432B7BBA6A00E6015E /* ViewControllers */ = {
			isa = PBXGroup;
			children = (
				CED89E522B78DA4C00B93BFF /* LoginViewController.swift */,
				CED89E622B78EA2200B93BFF /* WelcomeViewController.swift */,
				CEC10C472B7BC0F100E6015E /* InfoViewController.swift */,
				CEC10C492B7BC13600E6015E /* AboutMeViewController.swift */,
			);
			path = ViewControllers;
			sourceTree = "<group>";
		};
		CEC10C442B7BBA8100E6015E /* Models */ = {
			isa = PBXGroup;
			children = (
				CEC10C452B7BBCAA00E6015E /* User.swift */,
			);
			path = Models;
			sourceTree = "<group>";
		};
		CED89E422B78DA4C00B93BFF = {
			isa = PBXGroup;
			children = (
				CED89E4D2B78DA4C00B93BFF /* LoginAPP */,
				CED89E4C2B78DA4C00B93BFF /* Products */,
			);
			sourceTree = "<group>";
		};
		CED89E4C2B78DA4C00B93BFF /* Products */ = {
			isa = PBXGroup;
			children = (
				CED89E4B2B78DA4C00B93BFF /* LoginAPP.app */,
			);
			name = Products;
			sourceTree = "<group>";
		};
		CED89E4D2B78DA4C00B93BFF /* LoginAPP */ = {
			isa = PBXGroup;
			children = (
				CED89E572B78DA4F00B93BFF /* Assets.xcassets */,
				CEC10C412B7BBA0900E6015E /* App */,
				CEC10C422B7BBA4C00E6015E /* Storyboards */,
				CEC10C442B7BBA8100E6015E /* Models */,
				CEC10C432B7BBA6A00E6015E /* ViewControllers */,
			);
			path = LoginAPP;
			sourceTree = "<group>";
		};
/* End PBXGroup section */

/* Begin PBXNativeTarget section */
		CED89E4A2B78DA4C00B93BFF /* LoginAPP */ = {
			isa = PBXNativeTarget;
			buildConfigurationList = CED89E5F2B78DA4F00B93BFF /* Build configuration list for PBXNativeTarget "LoginAPP" */;
			buildPhases = (
				CED89E472B78DA4C00B93BFF /* Sources */,
				CED89E482B78DA4C00B93BFF /* Frameworks */,
				CED89E492B78DA4C00B93BFF /* Resources */,
			);
			buildRules = (
			);
			dependencies = (
			);
			name = LoginAPP;
			productName = LoginAPP;
			productReference = CED89E4B2B78DA4C00B93BFF /* LoginAPP.app */;
			productType = "com.apple.product-type.application";
		};
/* End PBXNativeTarget section */

/* Begin PBXProject section */
		CED89E432B78DA4C00B93BFF /* Project object */ = {
			isa = PBXProject;
			attributes = {
				BuildIndependentTargetsInParallel = 1;
				LastSwiftUpdateCheck = 1520;
				LastUpgradeCheck = 1520;
				TargetAttributes = {
					CED89E4A2B78DA4C00B93BFF = {
						CreatedOnToolsVersion = 15.2;
					};
				};
			};
			buildConfigurationList = CED89E462B78DA4C00B93BFF /* Build configuration list for PBXProject "LoginAPP" */;
			compatibilityVersion = "Xcode 14.0";
			developmentRegion = en;
			hasScannedForEncodings = 0;
			knownRegions = (
				en,
				Base,
			);
			mainGroup = CED89E422B78DA4C00B93BFF;
			productRefGroup = CED89E4C2B78DA4C00B93BFF /* Products */;
			projectDirPath = "";
			projectRoot = "";
			targets = (
				CED89E4A2B78DA4C00B93BFF /* LoginAPP */,
			);
		};
/* End PBXProject section */

/* Begin PBXResourcesBuildPhase section */
		CED89E492B78DA4C00B93BFF /* Resources */ = {
			isa = PBXResourcesBuildPhase;
			buildActionMask = 2147483647;
			files = (
				CED89E5B2B78DA4F00B93BFF /* LaunchScreen.storyboard in Resources */,
				CED89E582B78DA4F00B93BFF /* Assets.xcassets in Resources */,
				CED89E562B78DA4C00B93BFF /* Main.storyboard in Resources */,
			);
			runOnlyForDeploymentPostprocessing = 0;
		};
/* End PBXResourcesBuildPhase section */

/* Begin PBXSourcesBuildPhase section */
		CED89E472B78DA4C00B93BFF /* Sources */ = {
			isa = PBXSourcesBuildPhase;
			buildActionMask = 2147483647;
			files = (
				CED89E532B78DA4C00B93BFF /* LoginViewController.swift in Sources */,
				CED89E632B78EA2200B93BFF /* WelcomeViewController.swift in Sources */,
				CEC10C4A2B7BC13600E6015E /* AboutMeViewController.swift in Sources */,
				CED89E4F2B78DA4C00B93BFF /* AppDelegate.swift in Sources */,
				CEC10C462B7BBCAA00E6015E /* User.swift in Sources */,
				CEC10C482B7BC0F100E6015E /* InfoViewController.swift in Sources */,
				CED89E512B78DA4C00B93BFF /* SceneDelegate.swift in Sources */,
			);
			runOnlyForDeploymentPostprocessing = 0;
		};
/* End PBXSourcesBuildPhase section */

/* Begin PBXVariantGroup section */
		CED89E542B78DA4C00B93BFF /* Main.storyboard */ = {
			isa = PBXVariantGroup;
			children = (
				CED89E552B78DA4C00B93BFF /* Base */,
			);
			name = Main.storyboard;
			sourceTree = "<group>";
		};
		CED89E592B78DA4F00B93BFF /* LaunchScreen.storyboard */ = {
			isa = PBXVariantGroup;
			children = (
				CED89E5A2B78DA4F00B93BFF /* Base */,
			);
			name = LaunchScreen.storyboard;
			sourceTree = "<group>";
		};
/* End PBXVariantGroup section */

/* Begin XCBuildConfiguration section */
		CED89E5D2B78DA4F00B93BFF /* Debug */ = {
			isa = XCBuildConfiguration;
			buildSettings = {
				ALWAYS_SEARCH_USER_PATHS = NO;
				ASSETCATALOG_COMPILER_GENERATE_SWIFT_ASSET_SYMBOL_EXTENSIONS = YES;
				CLANG_ANALYZER_NONNULL = YES;
				CLANG_ANALYZER_NUMBER_OBJECT_CONVERSION = YES_AGGRESSIVE;
				CLANG_CXX_LANGUAGE_STANDARD = "gnu++20";
				CLANG_ENABLE_MODULES = YES;
				CLANG_ENABLE_OBJC_ARC = YES;
				CLANG_ENABLE_OBJC_WEAK = YES;
				CLANG_WARN_BLOCK_CAPTURE_AUTORELEASING = YES;
				CLANG_WARN_BOOL_CONVERSION = YES;
				CLANG_WARN_COMMA = YES;
				CLANG_WARN_CONSTANT_CONVERSION = YES;
				CLANG_WARN_DEPRECATED_OBJC_IMPLEMENTATIONS = YES;
				CLANG_WARN_DIRECT_OBJC_ISA_USAGE = YES_ERROR;
				CLANG_WARN_DOCUMENTATION_COMMENTS = YES;
				CLANG_WARN_EMPTY_BODY = YES;
				CLANG_WARN_ENUM_CONVERSION = YES;
				CLANG_WARN_INFINITE_RECURSION = YES;
				CLANG_WARN_INT_CONVERSION = YES;
				CLANG_WARN_NON_LITERAL_NULL_CONVERSION = YES;
				CLANG_WARN_OBJC_IMPLICIT_RETAIN_SELF = YES;
				CLANG_WARN_OBJC_LITERAL_CONVERSION = YES;
				CLANG_WARN_OBJC_ROOT_CLASS = YES_ERROR;
				CLANG_WARN_QUOTED_INCLUDE_IN_FRAMEWORK_HEADER = YES;
				CLANG_WARN_RANGE_LOOP_ANALYSIS = YES;
				CLANG_WARN_STRICT_PROTOTYPES = YES;
				CLANG_WARN_SUSPICIOUS_MOVE = YES;
				CLANG_WARN_UNGUARDED_AVAILABILITY = YES_AGGRESSIVE;
				CLANG_WARN_UNREACHABLE_CODE = YES;
				CLANG_WARN__DUPLICATE_METHOD_MATCH = YES;
				COPY_PHASE_STRIP = NO;
				DEBUG_INFORMATION_FORMAT = dwarf;
				ENABLE_STRICT_OBJC_MSGSEND = YES;
				ENABLE_TESTABILITY = YES;
				ENABLE_USER_SCRIPT_SANDBOXING = YES;
				GCC_C_LANGUAGE_STANDARD = gnu17;
				GCC_DYNAMIC_NO_PIC = NO;
				GCC_NO_COMMON_BLOCKS = YES;
				GCC_OPTIMIZATION_LEVEL = 0;
				GCC_PREPROCESSOR_DEFINITIONS = (
					"DEBUG=1",
					"$(inherited)",
				);
				GCC_WARN_64_TO_32_BIT_CONVERSION = YES;
				GCC_WARN_ABOUT_RETURN_TYPE = YES_ERROR;
				GCC_WARN_UNDECLARED_SELECTOR = YES;
				GCC_WARN_UNINITIALIZED_AUTOS = YES_AGGRESSIVE;
				GCC_WARN_UNUSED_FUNCTION = YES;
				GCC_WARN_UNUSED_VARIABLE = YES;
				IPHONEOS_DEPLOYMENT_TARGET = 17.2;
				LOCALIZATION_PREFERS_STRING_CATALOGS = YES;
				MTL_ENABLE_DEBUG_INFO = INCLUDE_SOURCE;
				MTL_FAST_MATH = YES;
				ONLY_ACTIVE_ARCH = YES;
				SDKROOT = iphoneos;
				SWIFT_ACTIVE_COMPILATION_CONDITIONS = "DEBUG $(inherited)";
				SWIFT_OPTIMIZATION_LEVEL = "-Onone";
			};
			name = Debug;
		};
		CED89E5E2B78DA4F00B93BFF /* Release */ = {
			isa = XCBuildConfiguration;
			buildSettings = {
				ALWAYS_SEARCH_USER_PATHS = NO;
				ASSETCATALOG_COMPILER_GENERATE_SWIFT_ASSET_SYMBOL_EXTENSIONS = YES;
				CLANG_ANALYZER_NONNULL = YES;
				CLANG_ANALYZER_NUMBER_OBJECT_CONVERSION = YES_AGGRESSIVE;
				CLANG_CXX_LANGUAGE_STANDARD = "gnu++20";
				CLANG_ENABLE_MODULES = YES;
				CLANG_ENABLE_OBJC_ARC = YES;
				CLANG_ENABLE_OBJC_WEAK = YES;
				CLANG_WARN_BLOCK_CAPTURE_AUTORELEASING = YES;
				CLANG_WARN_BOOL_CONVERSION = YES;
				CLANG_WARN_COMMA = YES;
				CLANG_WARN_CONSTANT_CONVERSION = YES;
				CLANG_WARN_DEPRECATED_OBJC_IMPLEMENTATIONS = YES;
				CLANG_WARN_DIRECT_OBJC_ISA_USAGE = YES_ERROR;
				CLANG_WARN_DOCUMENTATION_COMMENTS = YES;
				CLANG_WARN_EMPTY_BODY = YES;
				CLANG_WARN_ENUM_CONVERSION = YES;
				CLANG_WARN_INFINITE_RECURSION = YES;
				CLANG_WARN_INT_CONVERSION = YES;
				CLANG_WARN_NON_LITERAL_NULL_CONVERSION = YES;
				CLANG_WARN_OBJC_IMPLICIT_RETAIN_SELF = YES;
				CLANG_WARN_OBJC_LITERAL_CONVERSION = YES;
				CLANG_WARN_OBJC_ROOT_CLASS = YES_ERROR;
				CLANG_WARN_QUOTED_INCLUDE_IN_FRAMEWORK_HEADER = YES;
				CLANG_WARN_RANGE_LOOP_ANALYSIS = YES;
				CLANG_WARN_STRICT_PROTOTYPES = YES;
				CLANG_WARN_SUSPICIOUS_MOVE = YES;
				CLANG_WARN_UNGUARDED_AVAILABILITY = YES_AGGRESSIVE;
				CLANG_WARN_UNREACHABLE_CODE = YES;
				CLANG_WARN__DUPLICATE_METHOD_MATCH = YES;
				COPY_PHASE_STRIP = NO;
				DEBUG_INFORMATION_FORMAT = "dwarf-with-dsym";
				ENABLE_NS_ASSERTIONS = NO;
				ENABLE_STRICT_OBJC_MSGSEND = YES;
				ENABLE_USER_SCRIPT_SANDBOXING = YES;
				GCC_C_LANGUAGE_STANDARD = gnu17;
				GCC_NO_COMMON_BLOCKS = YES;
				GCC_WARN_64_TO_32_BIT_CONVERSION = YES;
				GCC_WARN_ABOUT_RETURN_TYPE = YES_ERROR;
				GCC_WARN_UNDECLARED_SELECTOR = YES;
				GCC_WARN_UNINITIALIZED_AUTOS = YES_AGGRESSIVE;
				GCC_WARN_UNUSED_FUNCTION = YES;
				GCC_WARN_UNUSED_VARIABLE = YES;
				IPHONEOS_DEPLOYMENT_TARGET = 17.2;
				LOCALIZATION_PREFERS_STRING_CATALOGS = YES;
				MTL_ENABLE_DEBUG_INFO = NO;
				MTL_FAST_MATH = YES;
				SDKROOT = iphoneos;
				SWIFT_COMPILATION_MODE = wholemodule;
				VALIDATE_PRODUCT = YES;
			};
			name = Release;
		};
		CED89E602B78DA4F00B93BFF /* Debug */ = {
			isa = XCBuildConfiguration;
			buildSettings = {
				ASSETCATALOG_COMPILER_APPICON_NAME = AppIcon;
				ASSETCATALOG_COMPILER_GLOBAL_ACCENT_COLOR_NAME = AccentColor;
				CODE_SIGN_STYLE = Automatic;
				CURRENT_PROJECT_VERSION = 1;
				DEVELOPMENT_TEAM = 47U5TJZ5LR;
				GENERATE_INFOPLIST_FILE = YES;
				INFOPLIST_FILE = LoginAPP/App/Info.plist;
				INFOPLIST_KEY_UIApplicationSupportsIndirectInputEvents = YES;
				INFOPLIST_KEY_UILaunchStoryboardName = LaunchScreen;
				INFOPLIST_KEY_UIMainStoryboardFile = Main;
				INFOPLIST_KEY_UISupportedInterfaceOrientations = UIInterfaceOrientationPortrait;
				INFOPLIST_KEY_UISupportedInterfaceOrientations_iPad = "UIInterfaceOrientationLandscapeLeft UIInterfaceOrientationLandscapeRight UIInterfaceOrientationPortrait UIInterfaceOrientationPortraitUpsideDown";
				LD_RUNPATH_SEARCH_PATHS = (
					"$(inherited)",
					"@executable_path/Frameworks",
				);
				MARKETING_VERSION = 1.0;
				PRODUCT_BUNDLE_IDENTIFIER = home.LoginAPP;
				PRODUCT_NAME = "$(TARGET_NAME)";
				SUPPORTED_PLATFORMS = "iphoneos iphonesimulator";
				SUPPORTS_MACCATALYST = NO;
				SUPPORTS_MAC_DESIGNED_FOR_IPHONE_IPAD = NO;
				SUPPORTS_XR_DESIGNED_FOR_IPHONE_IPAD = NO;
				SWIFT_EMIT_LOC_STRINGS = YES;
				SWIFT_VERSION = 5.0;
				TARGETED_DEVICE_FAMILY = 1;
			};
			name = Debug;
		};
		CED89E612B78DA4F00B93BFF /* Release */ = {
			isa = XCBuildConfiguration;
			buildSettings = {
				ASSETCATALOG_COMPILER_APPICON_NAME = AppIcon;
				ASSETCATALOG_COMPILER_GLOBAL_ACCENT_COLOR_NAME = AccentColor;
				CODE_SIGN_STYLE = Automatic;
				CURRENT_PROJECT_VERSION = 1;
				DEVELOPMENT_TEAM = 47U5TJZ5LR;
				GENERATE_INFOPLIST_FILE = YES;
				INFOPLIST_FILE = LoginAPP/App/Info.plist;
				INFOPLIST_KEY_UIApplicationSupportsIndirectInputEvents = YES;
				INFOPLIST_KEY_UILaunchStoryboardName = LaunchScreen;
				INFOPLIST_KEY_UIMainStoryboardFile = Main;
				INFOPLIST_KEY_UISupportedInterfaceOrientations = UIInterfaceOrientationPortrait;
				INFOPLIST_KEY_UISupportedInterfaceOrientations_iPad = "UIInterfaceOrientationLandscapeLeft UIInterfaceOrientationLandscapeRight UIInterfaceOrientationPortrait UIInterfaceOrientationPortraitUpsideDown";
				LD_RUNPATH_SEARCH_PATHS = (
					"$(inherited)",
					"@executable_path/Frameworks",
				);
				MARKETING_VERSION = 1.0;
				PRODUCT_BUNDLE_IDENTIFIER = home.LoginAPP;
				PRODUCT_NAME = "$(TARGET_NAME)";
				SUPPORTED_PLATFORMS = "iphoneos iphonesimulator";
				SUPPORTS_MACCATALYST = NO;
				SUPPORTS_MAC_DESIGNED_FOR_IPHONE_IPAD = NO;
				SUPPORTS_XR_DESIGNED_FOR_IPHONE_IPAD = NO;
				SWIFT_EMIT_LOC_STRINGS = YES;
				SWIFT_VERSION = 5.0;
				TARGETED_DEVICE_FAMILY = 1;
			};
			name = Release;
		};
/* End XCBuildConfiguration section */

/* Begin XCConfigurationList section */
		CED89E462B78DA4C00B93BFF /* Build configuration list for PBXProject "LoginAPP" */ = {
			isa = XCConfigurationList;
			buildConfigurations = (
				CED89E5D2B78DA4F00B93BFF /* Debug */,
				CED89E5E2B78DA4F00B93BFF /* Release */,
			);
			defaultConfigurationIsVisible = 0;
			defaultConfigurationName = Release;
		};
		CED89E5F2B78DA4F00B93BFF /* Build configuration list for PBXNativeTarget "LoginAPP" */ = {
			isa = XCConfigurationList;
			buildConfigurations = (
				CED89E602B78DA4F00B93BFF /* Debug */,
				CED89E612B78DA4F00B93BFF /* Release */,
			);
			defaultConfigurationIsVisible = 0;
			defaultConfigurationName = Release;
		};
/* End XCConfigurationList section */
	};
	rootObject = CED89E432B78DA4C00B93BFF /* Project object */;
}
